
Microsoft Visual Studio Solution File, Format Version 11.00
# Visual Studio 2010
Project("{FAE04EC0-301F-11D3-BF4B-00C04F79EFBC}") = "SimpleConsole", "SimpleConsole\SimpleConsole.csproj", "{2BEA0244-2B0F-48D3-B0F3-D990C97BE53D}"
EndProject
Project("{FAE04EC0-301F-11D3-BF4B-00C04F79EFBC}") = "MyBean", "..\..\core\MyBean\MyBean.csproj", "{21237B72-8B26-4F1E-BE73-420A675B7AFC}"
EndProject
Project("{FAE04EC0-301F-11D3-BF4B-00C04F79EFBC}") = "LibChild", "Lib_Tester\LibChild\LibChild.csproj", "{EFC59079-E046-4A11-8EAA-7BBF16B987F2}"
EndProject
Project("{FAE04EC0-301F-11D3-BF4B-00C04F79EFBC}") = "LibChild02", "LibChild02\LibChild02.csproj", "{8AA5FCB2-64F3-43CE-AEA2-97A8634FD0F4}"
EndProject
Project("{FAE04EC0-301F-11D3-BF4B-00C04F79EFBC}") = "mainFormPlugin", "mainFormPlugin\mainFormPlugin.csproj", "{4018729A-71D4-4AEF-BBBC-9A9A06BD01AB}"
EndProject
Project("{FAE04EC0-301F-11D3-BF4B-00C04F79EFBC}") = "MainConsole", "MainConsole\MainConsole.csproj", "{3CF9BD00-E5FE-4F8A-BE58-0501EEB3E6E0}"
EndProject
Global
	GlobalSection(SolutionConfigurationPlatforms) = preSolution
		Debug|Any CPU = Debug|Any CPU
		Debug|Mixed Platforms = Debug|Mixed Platforms
		Debug|x86 = Debug|x86
		Release|Any CPU = Release|Any CPU
		Release|Mixed Platforms = Release|Mixed Platforms
		Release|x86 = Release|x86
	EndGlobalSection
	GlobalSection(ProjectConfigurationPlatforms) = postSolution
		{2BEA0244-2B0F-48D3-B0F3-D990C97BE53D}.Debug|Any CPU.ActiveCfg = Debug|x86
		{2BEA0244-2B0F-48D3-B0F3-D990C97BE53D}.Debug|Mixed Platforms.ActiveCfg = Debug|x86
		{2BEA0244-2B0F-48D3-B0F3-D990C97BE53D}.Debug|Mixed Platforms.Build.0 = Debug|x86
		{2BEA0244-2B0F-48D3-B0F3-D990C97BE53D}.Debug|x86.ActiveCfg = Debug|x86
		{2BEA0244-2B0F-48D3-B0F3-D990C97BE53D}.Debug|x86.Build.0 = Debug|x86
		{2BEA0244-2B0F-48D3-B0F3-D990C97BE53D}.Release|Any CPU.ActiveCfg = Release|x86
		{2BEA0244-2B0F-48D3-B0F3-D990C97BE53D}.Release|Mixed Platforms.ActiveCfg = Release|x86
		{2BEA0244-2B0F-48D3-B0F3-D990C97BE53D}.Release|Mixed Platforms.Build.0 = Release|x86
		{2BEA0244-2B0F-48D3-B0F3-D990C97BE53D}.Release|x86.ActiveCfg = Release|x86
		{2BEA0244-2B0F-48D3-B0F3-D990C97BE53D}.Release|x86.Build.0 = Release|x86
		{21237B72-8B26-4F1E-BE73-420A675B7AFC}.Debug|Any CPU.ActiveCfg = Debug|Any CPU
		{21237B72-8B26-4F1E-BE73-420A675B7AFC}.Debug|Any CPU.Build.0 = Debug|Any CPU
		{21237B72-8B26-4F1E-BE73-420A675B7AFC}.Debug|Mixed Platforms.ActiveCfg = Debug|Any CPU
		{21237B72-8B26-4F1E-BE73-420A675B7AFC}.Debug|Mixed Platforms.Build.0 = Debug|Any CPU
		{21237B72-8B26-4F1E-BE73-420A675B7AFC}.Debug|x86.ActiveCfg = Debug|Any CPU
		{21237B72-8B26-4F1E-BE73-420A675B7AFC}.Release|Any CPU.ActiveCfg = Release|Any CPU
		{21237B72-8B26-4F1E-BE73-420A675B7AFC}.Release|Any CPU.Build.0 = Release|Any CPU
		{21237B72-8B26-4F1E-BE73-420A675B7AFC}.Release|Mixed Platforms.ActiveCfg = Release|Any CPU
		{21237B72-8B26-4F1E-BE73-420A675B7AFC}.Release|Mixed Platforms.Build.0 = Release|Any CPU
		{21237B72-8B26-4F1E-BE73-420A675B7AFC}.Release|x86.ActiveCfg = Release|Any CPU
		{EFC59079-E046-4A11-8EAA-7BBF16B987F2}.Debug|Any CPU.ActiveCfg = Debug|Any CPU
		{EFC59079-E046-4A11-8EAA-7BBF16B987F2}.Debug|Any CPU.Build.0 = Debug|Any CPU
		{EFC59079-E046-4A11-8EAA-7BBF16B987F2}.Debug|Mixed Platforms.ActiveCfg = Debug|Any CPU
		{EFC59079-E046-4A11-8EAA-7BBF16B987F2}.Debug|Mixed Platforms.Build.0 = Debug|Any CPU
		{EFC59079-E046-4A11-8EAA-7BBF16B987F2}.Debug|x86.ActiveCfg = Debug|Any CPU
		{EFC59079-E046-4A11-8EAA-7BBF16B987F2}.Release|Any CPU.ActiveCfg = Release|Any CPU
		{EFC59079-E046-4A11-8EAA-7BBF16B987F2}.Release|Any CPU.Build.0 = Release|Any CPU
		{EFC59079-E046-4A11-8EAA-7BBF16B987F2}.Release|Mixed Platforms.ActiveCfg = Release|Any CPU
		{EFC59079-E046-4A11-8EAA-7BBF16B987F2}.Release|Mixed Platforms.Build.0 = Release|Any CPU
		{EFC59079-E046-4A11-8EAA-7BBF16B987F2}.Release|x86.ActiveCfg = Release|Any CPU
		{8AA5FCB2-64F3-43CE-AEA2-97A8634FD0F4}.Debug|Any CPU.ActiveCfg = Debug|Any CPU
		{8AA5FCB2-64F3-43CE-AEA2-97A8634FD0F4}.Debug|Any CPU.Build.0 = Debug|Any CPU
		{8AA5FCB2-64F3-43CE-AEA2-97A8634FD0F4}.Debug|Mixed Platforms.ActiveCfg = Debug|Any CPU
		{8AA5FCB2-64F3-43CE-AEA2-97A8634FD0F4}.Debug|Mixed Platforms.Build.0 = Debug|Any CPU
		{8AA5FCB2-64F3-43CE-AEA2-97A8634FD0F4}.Debug|x86.ActiveCfg = Debug|Any CPU
		{8AA5FCB2-64F3-43CE-AEA2-97A8634FD0F4}.Release|Any CPU.ActiveCfg = Release|Any CPU
		{8AA5FCB2-64F3-43CE-AEA2-97A8634FD0F4}.Release|Any CPU.Build.0 = Release|Any CPU
		{8AA5FCB2-64F3-43CE-AEA2-97A8634FD0F4}.Release|Mixed Platforms.ActiveCfg = Release|Any CPU
		{8AA5FCB2-64F3-43CE-AEA2-97A8634FD0F4}.Release|Mixed Platforms.Build.0 = Release|Any CPU
		{8AA5FCB2-64F3-43CE-AEA2-97A8634FD0F4}.Release|x86.ActiveCfg = Release|Any CPU
		{4018729A-71D4-4AEF-BBBC-9A9A06BD01AB}.Debug|Any CPU.ActiveCfg = Debug|Any CPU
		{4018729A-71D4-4AEF-BBBC-9A9A06BD01AB}.Debug|Any CPU.Build.0 = Debug|Any CPU
		{4018729A-71D4-4AEF-BBBC-9A9A06BD01AB}.Debug|Mixed Platforms.ActiveCfg = Debug|Any CPU
		{4018729A-71D4-4AEF-BBBC-9A9A06BD01AB}.Debug|Mixed Platforms.Build.0 = Debug|Any CPU
		{4018729A-71D4-4AEF-BBBC-9A9A06BD01AB}.Debug|x86.ActiveCfg = Debug|Any CPU
		{4018729A-71D4-4AEF-BBBC-9A9A06BD01AB}.Release|Any CPU.ActiveCfg = Release|Any CPU
		{4018729A-71D4-4AEF-BBBC-9A9A06BD01AB}.Release|Any CPU.Build.0 = Release|Any CPU
		{4018729A-71D4-4AEF-BBBC-9A9A06BD01AB}.Release|Mixed Platforms.ActiveCfg = Release|Any CPU
		{4018729A-71D4-4AEF-BBBC-9A9A06BD01AB}.Release|Mixed Platforms.Build.0 = Release|Any CPU
		{4018729A-71D4-4AEF-BBBC-9A9A06BD01AB}.Release|x86.ActiveCfg = Release|Any CPU
		{3CF9BD00-E5FE-4F8A-BE58-0501EEB3E6E0}.Debug|Any CPU.ActiveCfg = Debug|x86
		{3CF9BD00-E5FE-4F8A-BE58-0501EEB3E6E0}.Debug|Mixed Platforms.ActiveCfg = Debug|x86
		{3CF9BD00-E5FE-4F8A-BE58-0501EEB3E6E0}.Debug|Mixed Platforms.Build.0 = Debug|x86
		{3CF9BD00-E5FE-4F8A-BE58-0501EEB3E6E0}.Debug|x86.ActiveCfg = Debug|x86
		{3CF9BD00-E5FE-4F8A-BE58-0501EEB3E6E0}.Debug|x86.Build.0 = Debug|x86
		{3CF9BD00-E5FE-4F8A-BE58-0501EEB3E6E0}.Release|Any CPU.ActiveCfg = Release|x86
		{3CF9BD00-E5FE-4F8A-BE58-0501EEB3E6E0}.Release|Mixed Platforms.ActiveCfg = Release|x86
		{3CF9BD00-E5FE-4F8A-BE58-0501EEB3E6E0}.Release|Mixed Platforms.Build.0 = Release|x86
		{3CF9BD00-E5FE-4F8A-BE58-0501EEB3E6E0}.Release|x86.ActiveCfg = Release|x86
		{3CF9BD00-E5FE-4F8A-BE58-0501EEB3E6E0}.Release|x86.Build.0 = Release|x86
	EndGlobalSection
	GlobalSection(SolutionProperties) = preSolution
		HideSolutionNode = FALSE
	EndGlobalSection
EndGlobal
